
Microsoft Visual Studio Solution File, Format Version 12.00
# Visual Studio Version 17
VisualStudioVersion = 17.10.35122.118
MinimumVisualStudioVersion = 10.0.40219.1
Project("{9A19103F-16F7-4668-BE54-9A1E7A4F7556}") = "wcom.Api", "wcom.Api.csproj", "{52ABA75D-FF30-4C33-A0DA-316776F0F4DD}"
EndProject
Project("{9A19103F-16F7-4668-BE54-9A1E7A4F7556}") = "EmployeeManagement.Models", "..\..\..\..\..\Hosting\Apps\BlazorCode\EmployeeManagement.Models\EmployeeManagement.Models.csproj", "{F21AB877-98CF-423D-AA5A-4D57503B24D6}"
EndProject
Project("{FAE04EC0-301F-11D3-BF4B-00C04F79EFBC}") = "WcomBlazorApp", "..\WcomBlazorApp\WcomBlazorApp.csproj", "{E8EE0765-EB1C-4DFC-89CF-3ACCC203FA4B}"
EndProject
Project("{9A19103F-16F7-4668-BE54-9A1E7A4F7556}") = "Snifftont.Components", "..\..\..\..\..\Hosting\Apps\BlazorCode\Snifftont.Components\Snifftont.Components.csproj", "{C3F63095-D45F-432D-BA3D-0A13DF834CDC}"
EndProject
Project("{FAE04EC0-301F-11D3-BF4B-00C04F79EFBC}") = "WcomBlazorApp.Client", "..\WcomBlazorApp.Client\WcomBlazorApp.Client.csproj", "{E3C42000-14AB-48B9-AD45-222AAE9B5E6E}"
EndProject
Global
	GlobalSection(SolutionConfigurationPlatforms) = preSolution
		Debug|Any CPU = Debug|Any CPU
		Release|Any CPU = Release|Any CPU
	EndGlobalSection
	GlobalSection(ProjectConfigurationPlatforms) = postSolution
		{52ABA75D-FF30-4C33-A0DA-316776F0F4DD}.Debug|Any CPU.ActiveCfg = Debug|Any CPU
		{52ABA75D-FF30-4C33-A0DA-316776F0F4DD}.Debug|Any CPU.Build.0 = Debug|Any CPU
		{52ABA75D-FF30-4C33-A0DA-316776F0F4DD}.Release|Any CPU.ActiveCfg = Release|Any CPU
		{52ABA75D-FF30-4C33-A0DA-316776F0F4DD}.Release|Any CPU.Build.0 = Release|Any CPU
		{F21AB877-98CF-423D-AA5A-4D57503B24D6}.Debug|Any CPU.ActiveCfg = Debug|Any CPU
		{F21AB877-98CF-423D-AA5A-4D57503B24D6}.Debug|Any CPU.Build.0 = Debug|Any CPU
		{F21AB877-98CF-423D-AA5A-4D57503B24D6}.Release|Any CPU.ActiveCfg = Release|Any CPU
		{F21AB877-98CF-423D-AA5A-4D57503B24D6}.Release|Any CPU.Build.0 = Release|Any CPU
		{E8EE0765-EB1C-4DFC-89CF-3ACCC203FA4B}.Debug|Any CPU.ActiveCfg = Debug|Any CPU
		{E8EE0765-EB1C-4DFC-89CF-3ACCC203FA4B}.Debug|Any CPU.Build.0 = Debug|Any CPU
		{E8EE0765-EB1C-4DFC-89CF-3ACCC203FA4B}.Release|Any CPU.ActiveCfg = Release|Any CPU
		{E8EE0765-EB1C-4DFC-89CF-3ACCC203FA4B}.Release|Any CPU.Build.0 = Release|Any CPU
		{C3F63095-D45F-432D-BA3D-0A13DF834CDC}.Debug|Any CPU.ActiveCfg = Debug|Any CPU
		{C3F63095-D45F-432D-BA3D-0A13DF834CDC}.Debug|Any CPU.Build.0 = Debug|Any CPU
		{C3F63095-D45F-432D-BA3D-0A13DF834CDC}.Release|Any CPU.ActiveCfg = Release|Any CPU
		{C3F63095-D45F-432D-BA3D-0A13DF834CDC}.Release|Any CPU.Build.0 = Release|Any CPU
		{E3C42000-14AB-48B9-AD45-222AAE9B5E6E}.Debug|Any CPU.ActiveCfg = Debug|Any CPU
		{E3C42000-14AB-48B9-AD45-222AAE9B5E6E}.Debug|Any CPU.Build.0 = Debug|Any CPU
		{E3C42000-14AB-48B9-AD45-222AAE9B5E6E}.Release|Any CPU.ActiveCfg = Release|Any CPU
		{E3C42000-14AB-48B9-AD45-222AAE9B5E6E}.Release|Any CPU.Build.0 = Release|Any CPU
	EndGlobalSection
	GlobalSection(SolutionProperties) = preSolution
		HideSolutionNode = FALSE
	EndGlobalSection
	GlobalSection(ExtensibilityGlobals) = postSolution
		SolutionGuid = {5AF35BF1-5FE5-449B-9147-37D9B389C7B1}
	EndGlobalSection
EndGlobal
